
Microsoft Visual Studio Solution File, Format Version 12.00
# Visual Studio Version 17
VisualStudioVersion = 17.5.33627.172
MinimumVisualStudioVersion = 10.0.40219.1
Project("{9A19103F-16F7-4668-BE54-9A1E7A4F7556}") = "Veesy.WebApp", "Veesy.WebApp\Veesy.WebApp.csproj", "{775AE053-E0B6-4853-A7EE-AA3F3A2171A7}"
EndProject
Project("{2150E333-8FDC-42A3-9474-1A3956D46DE8}") = "Core", "Core", "{7C76E082-CE59-44EF-A0BB-154D81D7FDE6}"
EndProject
Project("{9A19103F-16F7-4668-BE54-9A1E7A4F7556}") = "Veesy.Domain", "Veesy.Domain\Veesy.Domain.csproj", "{E6DF7A84-A248-4C78-879F-81863E698E40}"
EndProject
Project("{9A19103F-16F7-4668-BE54-9A1E7A4F7556}") = "Veesy.Service", "Veesy.Service\Veesy.Service.csproj", "{9B25312D-3532-46E4-9C2F-452C1A435B88}"
EndProject
Project("{2150E333-8FDC-42A3-9474-1A3956D46DE8}") = "Infrastructure", "Infrastructure", "{7F8082BA-50CF-4523-88E8-9C16588AF6F9}"
EndProject
Project("{9A19103F-16F7-4668-BE54-9A1E7A4F7556}") = "Veesy.Presentation", "Veesy.Presentation\Veesy.Presentation.csproj", "{672BD5DE-7AAA-4498-B726-770ECBF46D2A}"
EndProject
Project("{2150E333-8FDC-42A3-9474-1A3956D46DE8}") = "Utility", "Utility", "{B9902C68-355A-4B88-AE59-C03804F4569B}"
EndProject
Project("{9A19103F-16F7-4668-BE54-9A1E7A4F7556}") = "Veesy.Email", "Veesy.Email\Veesy.Email.csproj", "{37E39FE1-A1BF-4C9D-9EB3-A425027A6C70}"
EndProject
Project("{9A19103F-16F7-4668-BE54-9A1E7A4F7556}") = "Veesy.Validators", "Veesy.Validators\Veesy.Validators.csproj", "{52C956DB-A67F-4CDD-B513-0C6A625B082F}"
EndProject
Project("{9A19103F-16F7-4668-BE54-9A1E7A4F7556}") = "Veesy.Discord", "Veesy.Discord\Veesy.Discord.csproj", "{DC7A2330-E401-4F68-A8A9-7F3D6D8E8A87}"
EndProject
Project("{9A19103F-16F7-4668-BE54-9A1E7A4F7556}") = "Veesy.Utils", "Veesy.Utils\Veesy.Utils.csproj", "{5E35D2A5-8764-4AF6-8317-737132A01F81}"
EndProject
Global
	GlobalSection(SolutionConfigurationPlatforms) = preSolution
		Debug|Any CPU = Debug|Any CPU
		Release|Any CPU = Release|Any CPU
	EndGlobalSection
	GlobalSection(ProjectConfigurationPlatforms) = postSolution
		{775AE053-E0B6-4853-A7EE-AA3F3A2171A7}.Debug|Any CPU.ActiveCfg = Debug|Any CPU
		{775AE053-E0B6-4853-A7EE-AA3F3A2171A7}.Debug|Any CPU.Build.0 = Debug|Any CPU
		{775AE053-E0B6-4853-A7EE-AA3F3A2171A7}.Release|Any CPU.ActiveCfg = Release|Any CPU
		{775AE053-E0B6-4853-A7EE-AA3F3A2171A7}.Release|Any CPU.Build.0 = Release|Any CPU
		{E6DF7A84-A248-4C78-879F-81863E698E40}.Debug|Any CPU.ActiveCfg = Debug|Any CPU
		{E6DF7A84-A248-4C78-879F-81863E698E40}.Debug|Any CPU.Build.0 = Debug|Any CPU
		{E6DF7A84-A248-4C78-879F-81863E698E40}.Release|Any CPU.ActiveCfg = Release|Any CPU
		{E6DF7A84-A248-4C78-879F-81863E698E40}.Release|Any CPU.Build.0 = Release|Any CPU
		{9B25312D-3532-46E4-9C2F-452C1A435B88}.Debug|Any CPU.ActiveCfg = Debug|Any CPU
		{9B25312D-3532-46E4-9C2F-452C1A435B88}.Debug|Any CPU.Build.0 = Debug|Any CPU
		{9B25312D-3532-46E4-9C2F-452C1A435B88}.Release|Any CPU.ActiveCfg = Release|Any CPU
		{9B25312D-3532-46E4-9C2F-452C1A435B88}.Release|Any CPU.Build.0 = Release|Any CPU
		{672BD5DE-7AAA-4498-B726-770ECBF46D2A}.Debug|Any CPU.ActiveCfg = Debug|Any CPU
		{672BD5DE-7AAA-4498-B726-770ECBF46D2A}.Debug|Any CPU.Build.0 = Debug|Any CPU
		{672BD5DE-7AAA-4498-B726-770ECBF46D2A}.Release|Any CPU.ActiveCfg = Release|Any CPU
		{672BD5DE-7AAA-4498-B726-770ECBF46D2A}.Release|Any CPU.Build.0 = Release|Any CPU
		{37E39FE1-A1BF-4C9D-9EB3-A425027A6C70}.Debug|Any CPU.ActiveCfg = Debug|Any CPU
		{37E39FE1-A1BF-4C9D-9EB3-A425027A6C70}.Debug|Any CPU.Build.0 = Debug|Any CPU
		{37E39FE1-A1BF-4C9D-9EB3-A425027A6C70}.Release|Any CPU.ActiveCfg = Release|Any CPU
		{37E39FE1-A1BF-4C9D-9EB3-A425027A6C70}.Release|Any CPU.Build.0 = Release|Any CPU
		{52C956DB-A67F-4CDD-B513-0C6A625B082F}.Debug|Any CPU.ActiveCfg = Debug|Any CPU
		{52C956DB-A67F-4CDD-B513-0C6A625B082F}.Debug|Any CPU.Build.0 = Debug|Any CPU
		{52C956DB-A67F-4CDD-B513-0C6A625B082F}.Release|Any CPU.ActiveCfg = Release|Any CPU
		{52C956DB-A67F-4CDD-B513-0C6A625B082F}.Release|Any CPU.Build.0 = Release|Any CPU
		{DC7A2330-E401-4F68-A8A9-7F3D6D8E8A87}.Debug|Any CPU.ActiveCfg = Debug|Any CPU
		{DC7A2330-E401-4F68-A8A9-7F3D6D8E8A87}.Debug|Any CPU.Build.0 = Debug|Any CPU
		{DC7A2330-E401-4F68-A8A9-7F3D6D8E8A87}.Release|Any CPU.ActiveCfg = Release|Any CPU
		{DC7A2330-E401-4F68-A8A9-7F3D6D8E8A87}.Release|Any CPU.Build.0 = Release|Any CPU
		{5E35D2A5-8764-4AF6-8317-737132A01F81}.Debug|Any CPU.ActiveCfg = Debug|Any CPU
		{5E35D2A5-8764-4AF6-8317-737132A01F81}.Debug|Any CPU.Build.0 = Debug|Any CPU
		{5E35D2A5-8764-4AF6-8317-737132A01F81}.Release|Any CPU.ActiveCfg = Release|Any CPU
		{5E35D2A5-8764-4AF6-8317-737132A01F81}.Release|Any CPU.Build.0 = Release|Any CPU
	EndGlobalSection
	GlobalSection(SolutionProperties) = preSolution
		HideSolutionNode = FALSE
	EndGlobalSection
	GlobalSection(NestedProjects) = preSolution
		{E6DF7A84-A248-4C78-879F-81863E698E40} = {7C76E082-CE59-44EF-A0BB-154D81D7FDE6}
		{9B25312D-3532-46E4-9C2F-452C1A435B88} = {7C76E082-CE59-44EF-A0BB-154D81D7FDE6}
		{672BD5DE-7AAA-4498-B726-770ECBF46D2A} = {7F8082BA-50CF-4523-88E8-9C16588AF6F9}
		{37E39FE1-A1BF-4C9D-9EB3-A425027A6C70} = {B9902C68-355A-4B88-AE59-C03804F4569B}
		{52C956DB-A67F-4CDD-B513-0C6A625B082F} = {7F8082BA-50CF-4523-88E8-9C16588AF6F9}
		{DC7A2330-E401-4F68-A8A9-7F3D6D8E8A87} = {B9902C68-355A-4B88-AE59-C03804F4569B}
		{5E35D2A5-8764-4AF6-8317-737132A01F81} = {B9902C68-355A-4B88-AE59-C03804F4569B}
	EndGlobalSection
	GlobalSection(ExtensibilityGlobals) = postSolution
		SolutionGuid = {B5680E05-A233-4565-BEBE-FC81995035DB}
	EndGlobalSection
EndGlobal
